
Microsoft Visual Studio Solution File, Format Version 12.00
Project("{FAE04EC0-301F-11D3-BF4B-00C04F79EFBC}") = "MailBot.API", "MailBot.API\MailBot.API.csproj", "{BED54205-A2D8-4977-95F1-DF626B932DEF}"
EndProject
Project("{FAE04EC0-301F-11D3-BF4B-00C04F79EFBC}") = "MailBot.Domain", "MailBot.Domain\MailBot.Domain.csproj", "{FECDDEBF-A2B5-467F-880D-3E5497E4EEB0}"
EndProject
Project("{FAE04EC0-301F-11D3-BF4B-00C04F79EFBC}") = "MailBot.Infrastructure", "MailBot.Infrastructure\MailBot.Infrastructure.csproj", "{F631AB41-D2E8-4A8B-90CB-24F90BF12A8B}"
EndProject
Project("{FAE04EC0-301F-11D3-BF4B-00C04F79EFBC}") = "MailBot.IocRegistry", "MailBot.IocRegistry\MailBot.IocRegistry.csproj", "{3DF3E9B7-CE2C-4D5B-93B7-D4E1308BF213}"
EndProject
Global
	GlobalSection(SolutionConfigurationPlatforms) = preSolution
		Debug|Any CPU = Debug|Any CPU
		Release|Any CPU = Release|Any CPU
	EndGlobalSection
	GlobalSection(ProjectConfigurationPlatforms) = postSolution
		{BED54205-A2D8-4977-95F1-DF626B932DEF}.Debug|Any CPU.ActiveCfg = Debug|Any CPU
		{BED54205-A2D8-4977-95F1-DF626B932DEF}.Debug|Any CPU.Build.0 = Debug|Any CPU
		{BED54205-A2D8-4977-95F1-DF626B932DEF}.Release|Any CPU.ActiveCfg = Release|Any CPU
		{BED54205-A2D8-4977-95F1-DF626B932DEF}.Release|Any CPU.Build.0 = Release|Any CPU
		{FECDDEBF-A2B5-467F-880D-3E5497E4EEB0}.Debug|Any CPU.ActiveCfg = Debug|Any CPU
		{FECDDEBF-A2B5-467F-880D-3E5497E4EEB0}.Debug|Any CPU.Build.0 = Debug|Any CPU
		{FECDDEBF-A2B5-467F-880D-3E5497E4EEB0}.Release|Any CPU.ActiveCfg = Release|Any CPU
		{FECDDEBF-A2B5-467F-880D-3E5497E4EEB0}.Release|Any CPU.Build.0 = Release|Any CPU
		{F631AB41-D2E8-4A8B-90CB-24F90BF12A8B}.Debug|Any CPU.ActiveCfg = Debug|Any CPU
		{F631AB41-D2E8-4A8B-90CB-24F90BF12A8B}.Debug|Any CPU.Build.0 = Debug|Any CPU
		{F631AB41-D2E8-4A8B-90CB-24F90BF12A8B}.Release|Any CPU.ActiveCfg = Release|Any CPU
		{F631AB41-D2E8-4A8B-90CB-24F90BF12A8B}.Release|Any CPU.Build.0 = Release|Any CPU
		{3DF3E9B7-CE2C-4D5B-93B7-D4E1308BF213}.Debug|Any CPU.ActiveCfg = Debug|Any CPU
		{3DF3E9B7-CE2C-4D5B-93B7-D4E1308BF213}.Debug|Any CPU.Build.0 = Debug|Any CPU
		{3DF3E9B7-CE2C-4D5B-93B7-D4E1308BF213}.Release|Any CPU.ActiveCfg = Release|Any CPU
		{3DF3E9B7-CE2C-4D5B-93B7-D4E1308BF213}.Release|Any CPU.Build.0 = Release|Any CPU
	EndGlobalSection
EndGlobal
